Microsoft Visual Studio Solution File, Format Version 12.00
# Visual Studio Version 17
VisualStudioVersion = 17.5.2.0
MinimumVisualStudioVersion = 10.0.40219.1
Project("{FAE04EC0-301F-11D3-BF4B-00C04F79EFBC}") = "ClassManagementSystem", "ClassManagementSystem\ClassManagementSystem.csproj", "{95CFB066-4E20-331A-B953-A896EDB36770}"
EndProject
Global
	GlobalSection(SolutionConfigurationPlatforms) = preSolution
		Debug|Any CPU = Debug|Any CPU
		Release|Any CPU = Release|Any CPU
	EndGlobalSection
	GlobalSection(ProjectConfigurationPlatforms) = postSolution
		{95CFB066-4E20-331A-B953-A896EDB36770}.Debug|Any CPU.ActiveCfg = Debug|Any CPU
		{95CFB066-4E20-331A-B953-A896EDB36770}.Debug|Any CPU.Build.0 = Debug|Any CPU
		{95CFB066-4E20-331A-B953-A896EDB36770}.Release|Any CPU.ActiveCfg = Release|Any CPU
		{95CFB066-4E20-331A-B953-A896EDB36770}.Release|Any CPU.Build.0 = Release|Any CPU
	EndGlobalSection
	GlobalSection(SolutionProperties) = preSolution
		HideSolutionNode = FALSE
	EndGlobalSection
	GlobalSection(ExtensibilityGlobals) = postSolution
		SolutionGuid = {BC304945-0EBF-4A42-BED8-D30C219BE807}
	EndGlobalSection
EndGlobal
